
Microsoft Visual Studio Solution File, Format Version 12.00
# Visual Studio Version 17
VisualStudioVersion = 17.7.34202.233
MinimumVisualStudioVersion = 10.0.40219.1
Project("{2150E333-8FDC-42A3-9474-1A3956D46DE8}") = "src", "src", "{111FAE99-44A1-409C-A729-0F9095DFD98D}"
EndProject
Project("{2150E333-8FDC-42A3-9474-1A3956D46DE8}") = "test", "test", "{BADF8A20-CE11-4145-8ECC-38D766FC228D}"
EndProject
Project("{2150E333-8FDC-42A3-9474-1A3956D46DE8}") = "Core", "Core", "{4F0F8A84-7F9F-48D0-B783-C3B99E4A49B7}"
EndProject
Project("{2150E333-8FDC-42A3-9474-1A3956D46DE8}") = "Infraestructure", "Infraestructure", "{2AF23519-0D32-4600-8E0B-13F58C9024E2}"
EndProject
Project("{2150E333-8FDC-42A3-9474-1A3956D46DE8}") = "WebAPI", "WebAPI", "{FBA45098-7334-4D66-8612-EFEF5ACDA66F}"
EndProject
Project("{9A19103F-16F7-4668-BE54-9A1E7A4F7556}") = "Domain", "Domain\Domain.csproj", "{547B0DE5-EE59-4EE4-858C-3EA533C0A5FF}"
EndProject
Project("{9A19103F-16F7-4668-BE54-9A1E7A4F7556}") = "Application", "Application\Application.csproj", "{0713A308-B298-424A-B6DB-041DAD7F25E5}"
EndProject
Project("{9A19103F-16F7-4668-BE54-9A1E7A4F7556}") = "Persistence", "Persistence\Persistence.csproj", "{FB1327E0-AFE1-45F8-8424-CA6E0ABA6CCB}"
EndProject
Project("{9A19103F-16F7-4668-BE54-9A1E7A4F7556}") = "API", "API\API.csproj", "{35C31BD9-9FD5-4367-ADDC-206F7D258034}"
EndProject
Project("{2150E333-8FDC-42A3-9474-1A3956D46DE8}") = "Elementos de la solución", "Elementos de la solución", "{343895BF-537B-4B69-AD8B-9608F93A3615}"
	ProjectSection(SolutionItems) = preProject
		README.md = README.md
	EndProjectSection
EndProject
Global
	GlobalSection(SolutionConfigurationPlatforms) = preSolution
		Debug|Any CPU = Debug|Any CPU
		Release|Any CPU = Release|Any CPU
	EndGlobalSection
	GlobalSection(ProjectConfigurationPlatforms) = postSolution
		{547B0DE5-EE59-4EE4-858C-3EA533C0A5FF}.Debug|Any CPU.ActiveCfg = Debug|Any CPU
		{547B0DE5-EE59-4EE4-858C-3EA533C0A5FF}.Debug|Any CPU.Build.0 = Debug|Any CPU
		{547B0DE5-EE59-4EE4-858C-3EA533C0A5FF}.Release|Any CPU.ActiveCfg = Release|Any CPU
		{547B0DE5-EE59-4EE4-858C-3EA533C0A5FF}.Release|Any CPU.Build.0 = Release|Any CPU
		{0713A308-B298-424A-B6DB-041DAD7F25E5}.Debug|Any CPU.ActiveCfg = Debug|Any CPU
		{0713A308-B298-424A-B6DB-041DAD7F25E5}.Debug|Any CPU.Build.0 = Debug|Any CPU
		{0713A308-B298-424A-B6DB-041DAD7F25E5}.Release|Any CPU.ActiveCfg = Release|Any CPU
		{0713A308-B298-424A-B6DB-041DAD7F25E5}.Release|Any CPU.Build.0 = Release|Any CPU
		{FB1327E0-AFE1-45F8-8424-CA6E0ABA6CCB}.Debug|Any CPU.ActiveCfg = Debug|Any CPU
		{FB1327E0-AFE1-45F8-8424-CA6E0ABA6CCB}.Debug|Any CPU.Build.0 = Debug|Any CPU
		{FB1327E0-AFE1-45F8-8424-CA6E0ABA6CCB}.Release|Any CPU.ActiveCfg = Release|Any CPU
		{FB1327E0-AFE1-45F8-8424-CA6E0ABA6CCB}.Release|Any CPU.Build.0 = Release|Any CPU
		{35C31BD9-9FD5-4367-ADDC-206F7D258034}.Debug|Any CPU.ActiveCfg = Debug|Any CPU
		{35C31BD9-9FD5-4367-ADDC-206F7D258034}.Debug|Any CPU.Build.0 = Debug|Any CPU
		{35C31BD9-9FD5-4367-ADDC-206F7D258034}.Release|Any CPU.ActiveCfg = Release|Any CPU
		{35C31BD9-9FD5-4367-ADDC-206F7D258034}.Release|Any CPU.Build.0 = Release|Any CPU
	EndGlobalSection
	GlobalSection(SolutionProperties) = preSolution
		HideSolutionNode = FALSE
	EndGlobalSection
	GlobalSection(NestedProjects) = preSolution
		{4F0F8A84-7F9F-48D0-B783-C3B99E4A49B7} = {111FAE99-44A1-409C-A729-0F9095DFD98D}
		{2AF23519-0D32-4600-8E0B-13F58C9024E2} = {111FAE99-44A1-409C-A729-0F9095DFD98D}
		{FBA45098-7334-4D66-8612-EFEF5ACDA66F} = {111FAE99-44A1-409C-A729-0F9095DFD98D}
		{547B0DE5-EE59-4EE4-858C-3EA533C0A5FF} = {4F0F8A84-7F9F-48D0-B783-C3B99E4A49B7}
		{0713A308-B298-424A-B6DB-041DAD7F25E5} = {4F0F8A84-7F9F-48D0-B783-C3B99E4A49B7}
		{FB1327E0-AFE1-45F8-8424-CA6E0ABA6CCB} = {2AF23519-0D32-4600-8E0B-13F58C9024E2}
		{35C31BD9-9FD5-4367-ADDC-206F7D258034} = {FBA45098-7334-4D66-8612-EFEF5ACDA66F}
	EndGlobalSection
	GlobalSection(ExtensibilityGlobals) = postSolution
		SolutionGuid = {E72662C7-9CC7-4C19-B45D-C5AEB4271C9B}
	EndGlobalSection
EndGlobal
